
Microsoft Visual Studio Solution File, Format Version 12.00
# Visual Studio Version 17
VisualStudioVersion = 17.4.33213.308
MinimumVisualStudioVersion = 10.0.40219.1
Project("{FAE04EC0-301F-11D3-BF4B-00C04F79EFBC}") = "LibraryFromWorkToSql", "LibraryFromWorkToSql\LibraryFromWorkToSql.csproj", "{57B70B32-7804-4496-B052-687B4EEC3A04}"
EndProject
Project("{FAE04EC0-301F-11D3-BF4B-00C04F79EFBC}") = "ConsoleFromSqlDataBase", "ConsoleFromSqlDataBase\ConsoleFromSqlDataBase.csproj", "{DC201F38-7189-4768-9107-7B0251941197}"
EndProject
Global
	GlobalSection(SolutionConfigurationPlatforms) = preSolution
		Debug|Any CPU = Debug|Any CPU
		Release|Any CPU = Release|Any CPU
	EndGlobalSection
	GlobalSection(ProjectConfigurationPlatforms) = postSolution
		{57B70B32-7804-4496-B052-687B4EEC3A04}.Debug|Any CPU.ActiveCfg = Debug|Any CPU
		{57B70B32-7804-4496-B052-687B4EEC3A04}.Debug|Any CPU.Build.0 = Debug|Any CPU
		{57B70B32-7804-4496-B052-687B4EEC3A04}.Release|Any CPU.ActiveCfg = Release|Any CPU
		{57B70B32-7804-4496-B052-687B4EEC3A04}.Release|Any CPU.Build.0 = Release|Any CPU
		{DC201F38-7189-4768-9107-7B0251941197}.Debug|Any CPU.ActiveCfg = Debug|Any CPU
		{DC201F38-7189-4768-9107-7B0251941197}.Debug|Any CPU.Build.0 = Debug|Any CPU
		{DC201F38-7189-4768-9107-7B0251941197}.Release|Any CPU.ActiveCfg = Release|Any CPU
		{DC201F38-7189-4768-9107-7B0251941197}.Release|Any CPU.Build.0 = Release|Any CPU
	EndGlobalSection
	GlobalSection(SolutionProperties) = preSolution
		HideSolutionNode = FALSE
	EndGlobalSection
	GlobalSection(ExtensibilityGlobals) = postSolution
		SolutionGuid = {09EE5084-B044-4397-B52A-0BA866088CD3}
	EndGlobalSection
EndGlobal
